
Microsoft Visual Studio Solution File, Format Version 12.00
# Visual Studio Version 17
VisualStudioVersion = 17.5.33414.496
MinimumVisualStudioVersion = 10.0.40219.1
Project("{FAE04EC0-301F-11D3-BF4B-00C04F79EFBC}") = "DesktopDemo", "DesktopDemo\DesktopDemo.csproj", "{0DA1E7BB-5C0F-49B1-BF0D-C9ED59BDB921}"
EndProject
Global
	GlobalSection(SolutionConfigurationPlatforms) = preSolution
		Debug|Any CPU = Debug|Any CPU
		Release|Any CPU = Release|Any CPU
	EndGlobalSection
	GlobalSection(ProjectConfigurationPlatforms) = postSolution
		{0DA1E7BB-5C0F-49B1-BF0D-C9ED59BDB921}.Debug|Any CPU.ActiveCfg = Debug|Any CPU
		{0DA1E7BB-5C0F-49B1-BF0D-C9ED59BDB921}.Debug|Any CPU.Build.0 = Debug|Any CPU
		{0DA1E7BB-5C0F-49B1-BF0D-C9ED59BDB921}.Release|Any CPU.ActiveCfg = Release|Any CPU
		{0DA1E7BB-5C0F-49B1-BF0D-C9ED59BDB921}.Release|Any CPU.Build.0 = Release|Any CPU
	EndGlobalSection
	GlobalSection(SolutionProperties) = preSolution
		HideSolutionNode = FALSE
	EndGlobalSection
	GlobalSection(ExtensibilityGlobals) = postSolution
		SolutionGuid = {6961DF36-C6D6-4170-9E1C-F8773C1EE5F5}
	EndGlobalSection
EndGlobal
